
Microsoft Visual Studio Solution File, Format Version 12.00
# Visual Studio Version 17
VisualStudioVersion = 17.8.34309.116
MinimumVisualStudioVersion = 10.0.40219.1
Project("{2150E333-8FDC-42A3-9474-1A3956D46DE8}") = "src", "src", "{11CDEEB0-BB85-46AA-817A-99B46C60D50B}"
EndProject
Project("{9A19103F-16F7-4668-BE54-9A1E7A4F7556}") = "GreenPlatform.Domain", "GreenPlatform.Domain\GreenPlatform.Domain.csproj", "{1B1F7C49-74E1-48AD-BC44-C40569D91DE3}"
EndProject
Project("{9A19103F-16F7-4668-BE54-9A1E7A4F7556}") = "GreenPlatform", "GreenPlatform\GreenPlatform.csproj", "{1A261F11-A655-4039-AB4B-52470CAD0962}"
EndProject
Project("{9A19103F-16F7-4668-BE54-9A1E7A4F7556}") = "GreenPlatform.Infrastructure", "GreenPlatform.Infrastructure\GreenPlatform.Infrastructure.csproj", "{40F9CC05-9DD9-4F19-9B53-51168288695D}"
EndProject
Project("{9A19103F-16F7-4668-BE54-9A1E7A4F7556}") = "GreenPlatform.Core", "GreenPlatform.Core\GreenPlatform.Core.csproj", "{4311FD49-08B2-4349-88EB-F4D1FBAD1483}"
EndProject
Global
	GlobalSection(SolutionConfigurationPlatforms) = preSolution
		Debug|Any CPU = Debug|Any CPU
		Release|Any CPU = Release|Any CPU
	EndGlobalSection
	GlobalSection(ProjectConfigurationPlatforms) = postSolution
		{1B1F7C49-74E1-48AD-BC44-C40569D91DE3}.Debug|Any CPU.ActiveCfg = Debug|Any CPU
		{1B1F7C49-74E1-48AD-BC44-C40569D91DE3}.Debug|Any CPU.Build.0 = Debug|Any CPU
		{1B1F7C49-74E1-48AD-BC44-C40569D91DE3}.Release|Any CPU.ActiveCfg = Release|Any CPU
		{1B1F7C49-74E1-48AD-BC44-C40569D91DE3}.Release|Any CPU.Build.0 = Release|Any CPU
		{1A261F11-A655-4039-AB4B-52470CAD0962}.Debug|Any CPU.ActiveCfg = Debug|Any CPU
		{1A261F11-A655-4039-AB4B-52470CAD0962}.Debug|Any CPU.Build.0 = Debug|Any CPU
		{1A261F11-A655-4039-AB4B-52470CAD0962}.Release|Any CPU.ActiveCfg = Release|Any CPU
		{1A261F11-A655-4039-AB4B-52470CAD0962}.Release|Any CPU.Build.0 = Release|Any CPU
		{40F9CC05-9DD9-4F19-9B53-51168288695D}.Debug|Any CPU.ActiveCfg = Debug|Any CPU
		{40F9CC05-9DD9-4F19-9B53-51168288695D}.Debug|Any CPU.Build.0 = Debug|Any CPU
		{40F9CC05-9DD9-4F19-9B53-51168288695D}.Release|Any CPU.ActiveCfg = Release|Any CPU
		{40F9CC05-9DD9-4F19-9B53-51168288695D}.Release|Any CPU.Build.0 = Release|Any CPU
		{4311FD49-08B2-4349-88EB-F4D1FBAD1483}.Debug|Any CPU.ActiveCfg = Debug|Any CPU
		{4311FD49-08B2-4349-88EB-F4D1FBAD1483}.Debug|Any CPU.Build.0 = Debug|Any CPU
		{4311FD49-08B2-4349-88EB-F4D1FBAD1483}.Release|Any CPU.ActiveCfg = Release|Any CPU
		{4311FD49-08B2-4349-88EB-F4D1FBAD1483}.Release|Any CPU.Build.0 = Release|Any CPU
	EndGlobalSection
	GlobalSection(SolutionProperties) = preSolution
		HideSolutionNode = FALSE
	EndGlobalSection
	GlobalSection(NestedProjects) = preSolution
		{1B1F7C49-74E1-48AD-BC44-C40569D91DE3} = {11CDEEB0-BB85-46AA-817A-99B46C60D50B}
		{40F9CC05-9DD9-4F19-9B53-51168288695D} = {11CDEEB0-BB85-46AA-817A-99B46C60D50B}
		{4311FD49-08B2-4349-88EB-F4D1FBAD1483} = {11CDEEB0-BB85-46AA-817A-99B46C60D50B}
	EndGlobalSection
	GlobalSection(ExtensibilityGlobals) = postSolution
		SolutionGuid = {E1CF0E28-E417-4430-AB21-A6CE3FC3E2A6}
	EndGlobalSection
EndGlobal
